
Microsoft Visual Studio Solution File, Format Version 12.00
# Visual Studio Version 16
VisualStudioVersion = 16.0.29509.3
MinimumVisualStudioVersion = 10.0.40219.1
Project("{FAE04EC0-301F-11D3-BF4B-00C04F79EFBC}") = "ПР3", "ПР3\ПР3.csproj", "{BAFEEE8B-C2E9-48A9-B307-3CD694FDE2F5}"
EndProject
Global
	GlobalSection(SolutionConfigurationPlatforms) = preSolution
		Debug|Any CPU = Debug|Any CPU
		Release|Any CPU = Release|Any CPU
	EndGlobalSection
	GlobalSection(ProjectConfigurationPlatforms) = postSolution
		{BAFEEE8B-C2E9-48A9-B307-3CD694FDE2F5}.Debug|Any CPU.ActiveCfg = Debug|Any CPU
		{BAFEEE8B-C2E9-48A9-B307-3CD694FDE2F5}.Debug|Any CPU.Build.0 = Debug|Any CPU
		{BAFEEE8B-C2E9-48A9-B307-3CD694FDE2F5}.Release|Any CPU.ActiveCfg = Release|Any CPU
		{BAFEEE8B-C2E9-48A9-B307-3CD694FDE2F5}.Release|Any CPU.Build.0 = Release|Any CPU
	EndGlobalSection
	GlobalSection(SolutionProperties) = preSolution
		HideSolutionNode = FALSE
	EndGlobalSection
	GlobalSection(ExtensibilityGlobals) = postSolution
		SolutionGuid = {8415E244-7E70-49C1-B59B-738EA2E6335A}
	EndGlobalSection
EndGlobal
