
Microsoft Visual Studio Solution File, Format Version 12.00
# Visual Studio Version 16
VisualStudioVersion = 16.0.29509.3
MinimumVisualStudioVersion = 10.0.40219.1
Project("{FAE04EC0-301F-11D3-BF4B-00C04F79EFBC}") = "ПР1", "ПР1\ПР1.csproj", "{79869B71-040E-46A5-B951-8259DD5F17BC}"
EndProject
Global
	GlobalSection(SolutionConfigurationPlatforms) = preSolution
		Debug|Any CPU = Debug|Any CPU
		Release|Any CPU = Release|Any CPU
	EndGlobalSection
	GlobalSection(ProjectConfigurationPlatforms) = postSolution
		{79869B71-040E-46A5-B951-8259DD5F17BC}.Debug|Any CPU.ActiveCfg = Debug|Any CPU
		{79869B71-040E-46A5-B951-8259DD5F17BC}.Debug|Any CPU.Build.0 = Debug|Any CPU
		{79869B71-040E-46A5-B951-8259DD5F17BC}.Release|Any CPU.ActiveCfg = Release|Any CPU
		{79869B71-040E-46A5-B951-8259DD5F17BC}.Release|Any CPU.Build.0 = Release|Any CPU
	EndGlobalSection
	GlobalSection(SolutionProperties) = preSolution
		HideSolutionNode = FALSE
	EndGlobalSection
	GlobalSection(ExtensibilityGlobals) = postSolution
		SolutionGuid = {7EADC4CC-547B-46C5-A1D1-E48E75194714}
	EndGlobalSection
EndGlobal
